{
  "name": "test",
  "version": "1.0.0",
  "lockfileVersion": 2,
  "requires": true,
  "packages": {
    "": {
      "name": "test",
      "version": "1.0.0",
      "license": "ISC",
      "dependencies": {
        "@faranalytics/elemental": "file:.."
      }
    },
    "..": {
      "name": "@faranalytics/elemental",
      "version": "1.0.0",
      "license": "ISC",
      "devDependencies": {
        "typescript": "^4.7.4"
      }
    },
    "node_modules/@faranalytics/elemental": {
      "resolved": "..",
      "link": true
    }
  },
  "dependencies": {
    "@faranalytics/elemental": {
      "version": "file:..",
      "requires": {
        "typescript": "^4.7.4"
      }
    }
  }
}
